
Microsoft Visual Studio Solution File, Format Version 12.00
# Visual Studio Version 17
VisualStudioVersion = 17.6.33829.357
MinimumVisualStudioVersion = 10.0.40219.1
Project("{FAE04EC0-301F-11D3-BF4B-00C04F79EFBC}") = "MD5-Ripper", "MD5-Ripper\MD5-Ripper.csproj", "{5535743E-811E-47CB-B6B4-B3C3DB198C3B}"
EndProject
Global
	GlobalSection(SolutionConfigurationPlatforms) = preSolution
		Debug|Any CPU = Debug|Any CPU
		Release|Any CPU = Release|Any CPU
	EndGlobalSection
	GlobalSection(ProjectConfigurationPlatforms) = postSolution
		{5535743E-811E-47CB-B6B4-B3C3DB198C3B}.Debug|Any CPU.ActiveCfg = Debug|Any CPU
		{5535743E-811E-47CB-B6B4-B3C3DB198C3B}.Debug|Any CPU.Build.0 = Debug|Any CPU
		{5535743E-811E-47CB-B6B4-B3C3DB198C3B}.Release|Any CPU.ActiveCfg = Release|Any CPU
		{5535743E-811E-47CB-B6B4-B3C3DB198C3B}.Release|Any CPU.Build.0 = Release|Any CPU
	EndGlobalSection
	GlobalSection(SolutionProperties) = preSolution
		HideSolutionNode = FALSE
	EndGlobalSection
	GlobalSection(ExtensibilityGlobals) = postSolution
		SolutionGuid = {7BF82ECE-FA78-4A07-8B4C-96D17D53D0AB}
	EndGlobalSection
EndGlobal
